// !$*UTF8*$!
{
	archiveVersion = 1;
	classes = {
	};
	objectVersion = 56;
	objects = {

/* Begin PBXBuildFile section */
		460FCEA12B990A4E00D1F607 /* AppDelegate.swift in Sources */ = {isa = PBXBuildFile; fileRef = 460FCEA02B990A4E00D1F607 /* AppDelegate.swift */; };
		460FCEA32B990A4E00D1F607 /* SceneDelegate.swift in Sources */ = {isa = PBXBuildFile; fileRef = 460FCEA22B990A4E00D1F607 /* SceneDelegate.swift */; };
		460FCEA52B990A4E00D1F607 /* ViewController.swift in Sources */ = {isa = PBXBuildFile; fileRef = 460FCEA42B990A4E00D1F607 /* ViewController.swift */; };
		460FCEA82B990A4E00D1F607 /* Main.storyboard in Resources */ = {isa = PBXBuildFile; fileRef = 460FCEA62B990A4E00D1F607 /* Main.storyboard */; };
		460FCEAA2B990A4F00D1F607 /* Assets.xcassets in Resources */ = {isa = PBXBuildFile; fileRef = 460FCEA92B990A4F00D1F607 /* Assets.xcassets */; };
		460FCEAD2B990A4F00D1F607 /* LaunchScreen.storyboard in Resources */ = {isa = PBXBuildFile; fileRef = 460FCEAB2B990A4F00D1F607 /* LaunchScreen.storyboard */; };
		460FCEB52B990DB700D1F607 /* SpotifyiOS.framework in Frameworks */ = {isa = PBXBuildFile; fileRef = 460FCEB42B990DB700D1F607 /* SpotifyiOS.framework */; };
		460FCEBA2B9913CA00D1F607 /* Constants.swift in Sources */ = {isa = PBXBuildFile; fileRef = 460FCEB92B9913CA00D1F607 /* Constants.swift */; };
		460FCEBC2B99148500D1F607 /* PlaylistsViewController.swift in Sources */ = {isa = PBXBuildFile; fileRef = 460FCEBB2B99148500D1F607 /* PlaylistsViewController.swift */; };
		460FCEBE2B9914CE00D1F607 /* SpotifyClient.swift in Sources */ = {isa = PBXBuildFile; fileRef = 460FCEBD2B9914CE00D1F607 /* SpotifyClient.swift */; };
		460FCEC02B99150700D1F607 /* PlaylistTableViewCell.swift in Sources */ = {isa = PBXBuildFile; fileRef = 460FCEBF2B99150700D1F607 /* PlaylistTableViewCell.swift */; };
		460FCEC22B9932DC00D1F607 /* TracksTableViewController.swift in Sources */ = {isa = PBXBuildFile; fileRef = 460FCEC12B9932DC00D1F607 /* TracksTableViewController.swift */; };
		460FCEC42B9942F000D1F607 /* TrackTableViewCell.swift in Sources */ = {isa = PBXBuildFile; fileRef = 460FCEC32B9942F000D1F607 /* TrackTableViewCell.swift */; };
/* End PBXBuildFile section */

/* Begin PBXFileReference section */
		460FCE9D2B990A4E00D1F607 /* MusicGenie2.app */ = {isa = PBXFileReference; explicitFileType = wrapper.application; includeInIndex = 0; path = MusicGenie2.app; sourceTree = BUILT_PRODUCTS_DIR; };
		460FCEA02B990A4E00D1F607 /* AppDelegate.swift */ = {isa = PBXFileReference; lastKnownFileType = sourcecode.swift; path = AppDelegate.swift; sourceTree = "<group>"; };
		460FCEA22B990A4E00D1F607 /* SceneDelegate.swift */ = {isa = PBXFileReference; lastKnownFileType = sourcecode.swift; path = SceneDelegate.swift; sourceTree = "<group>"; };
		460FCEA42B990A4E00D1F607 /* ViewController.swift */ = {isa = PBXFileReference; lastKnownFileType = sourcecode.swift; path = ViewController.swift; sourceTree = "<group>"; };
		460FCEA72B990A4E00D1F607 /* Base */ = {isa = PBXFileReference; lastKnownFileType = file.storyboard; name = Base; path = Base.lproj/Main.storyboard; sourceTree = "<group>"; };
		460FCEA92B990A4F00D1F607 /* Assets.xcassets */ = {isa = PBXFileReference; lastKnownFileType = folder.assetcatalog; path = Assets.xcassets; sourceTree = "<group>"; };
		460FCEAC2B990A4F00D1F607 /* Base */ = {isa = PBXFileReference; lastKnownFileType = file.storyboard; name = Base; path = Base.lproj/LaunchScreen.storyboard; sourceTree = "<group>"; };
		460FCEAE2B990A4F00D1F607 /* Info.plist */ = {isa = PBXFileReference; lastKnownFileType = text.plist.xml; path = Info.plist; sourceTree = "<group>"; };
		460FCEB42B990DB700D1F607 /* SpotifyiOS.framework */ = {isa = PBXFileReference; lastKnownFileType = wrapper.framework; path = SpotifyiOS.framework; sourceTree = "<group>"; };
		460FCEB62B990EFF00D1F607 /* MusicGenie2-Bridging-Header.h */ = {isa = PBXFileReference; lastKnownFileType = sourcecode.c.h; path = "MusicGenie2-Bridging-Header.h"; sourceTree = "<group>"; };
		460FCEB92B9913CA00D1F607 /* Constants.swift */ = {isa = PBXFileReference; lastKnownFileType = sourcecode.swift; path = Constants.swift; sourceTree = "<group>"; };
		460FCEBB2B99148500D1F607 /* PlaylistsViewController.swift */ = {isa = PBXFileReference; lastKnownFileType = sourcecode.swift; path = PlaylistsViewController.swift; sourceTree = "<group>"; };
		460FCEBD2B9914CE00D1F607 /* SpotifyClient.swift */ = {isa = PBXFileReference; lastKnownFileType = sourcecode.swift; path = SpotifyClient.swift; sourceTree = "<group>"; };
		460FCEBF2B99150700D1F607 /* PlaylistTableViewCell.swift */ = {isa = PBXFileReference; lastKnownFileType = sourcecode.swift; path = PlaylistTableViewCell.swift; sourceTree = "<group>"; };
		460FCEC12B9932DC00D1F607 /* TracksTableViewController.swift */ = {isa = PBXFileReference; lastKnownFileType = sourcecode.swift; path = TracksTableViewController.swift; sourceTree = "<group>"; };
		460FCEC32B9942F000D1F607 /* TrackTableViewCell.swift */ = {isa = PBXFileReference; lastKnownFileType = sourcecode.swift; path = TrackTableViewCell.swift; sourceTree = "<group>"; };
/* End PBXFileReference section */

/* Begin PBXFrameworksBuildPhase section */
		460FCE9A2B990A4E00D1F607 /* Frameworks */ = {
			isa = PBXFrameworksBuildPhase;
			buildActionMask = 2147483647;
			files = (
				460FCEB52B990DB700D1F607 /* SpotifyiOS.framework in Frameworks */,
			);
			runOnlyForDeploymentPostprocessing = 0;
		};
/* End PBXFrameworksBuildPhase section */

/* Begin PBXGroup section */
		460FCE942B990A4E00D1F607 = {
			isa = PBXGroup;
			children = (
				460FCE9F2B990A4E00D1F607 /* MusicGenie2 */,
				460FCE9E2B990A4E00D1F607 /* Products */,
			);
			sourceTree = "<group>";
		};
		460FCE9E2B990A4E00D1F607 /* Products */ = {
			isa = PBXGroup;
			children = (
				460FCE9D2B990A4E00D1F607 /* MusicGenie2.app */,
			);
			name = Products;
			sourceTree = "<group>";
		};
		460FCE9F2B990A4E00D1F607 /* MusicGenie2 */ = {
			isa = PBXGroup;
			children = (
				460FCEA02B990A4E00D1F607 /* AppDelegate.swift */,
				460FCEA22B990A4E00D1F607 /* SceneDelegate.swift */,
				460FCEA42B990A4E00D1F607 /* ViewController.swift */,
				460FCEC12B9932DC00D1F607 /* TracksTableViewController.swift */,
				460FCEBB2B99148500D1F607 /* PlaylistsViewController.swift */,
				460FCEBD2B9914CE00D1F607 /* SpotifyClient.swift */,
				460FCEBF2B99150700D1F607 /* PlaylistTableViewCell.swift */,
				460FCEA62B990A4E00D1F607 /* Main.storyboard */,
				460FCEC32B9942F000D1F607 /* TrackTableViewCell.swift */,
				460FCEA92B990A4F00D1F607 /* Assets.xcassets */,
				460FCEAB2B990A4F00D1F607 /* LaunchScreen.storyboard */,
				460FCEAE2B990A4F00D1F607 /* Info.plist */,
				460FCEB92B9913CA00D1F607 /* Constants.swift */,
				460FCEB42B990DB700D1F607 /* SpotifyiOS.framework */,
				460FCEB62B990EFF00D1F607 /* MusicGenie2-Bridging-Header.h */,
			);
			path = MusicGenie2;
			sourceTree = "<group>";
		};
/* End PBXGroup section */

/* Begin PBXNativeTarget section */
		460FCE9C2B990A4E00D1F607 /* MusicGenie2 */ = {
			isa = PBXNativeTarget;
			buildConfigurationList = 460FCEB12B990A4F00D1F607 /* Build configuration list for PBXNativeTarget "MusicGenie2" */;
			buildPhases = (
				460FCE992B990A4E00D1F607 /* Sources */,
				460FCE9A2B990A4E00D1F607 /* Frameworks */,
				460FCE9B2B990A4E00D1F607 /* Resources */,
			);
			buildRules = (
			);
			dependencies = (
			);
			name = MusicGenie2;
			productName = MusicGenie2;
			productReference = 460FCE9D2B990A4E00D1F607 /* MusicGenie2.app */;
			productType = "com.apple.product-type.application";
		};
/* End PBXNativeTarget section */

/* Begin PBXProject section */
		460FCE952B990A4E00D1F607 /* Project object */ = {
			isa = PBXProject;
			attributes = {
				BuildIndependentTargetsInParallel = 1;
				LastSwiftUpdateCheck = 1520;
				LastUpgradeCheck = 1520;
				TargetAttributes = {
					460FCE9C2B990A4E00D1F607 = {
						CreatedOnToolsVersion = 15.2;
						LastSwiftMigration = 1520;
					};
				};
			};
			buildConfigurationList = 460FCE982B990A4E00D1F607 /* Build configuration list for PBXProject "MusicGenie2" */;
			compatibilityVersion = "Xcode 14.0";
			developmentRegion = en;
			hasScannedForEncodings = 0;
			knownRegions = (
				en,
				Base,
			);
			mainGroup = 460FCE942B990A4E00D1F607;
			productRefGroup = 460FCE9E2B990A4E00D1F607 /* Products */;
			projectDirPath = "";
			projectRoot = "";
			targets = (
				460FCE9C2B990A4E00D1F607 /* MusicGenie2 */,
			);
		};
/* End PBXProject section */

/* Begin PBXResourcesBuildPhase section */
		460FCE9B2B990A4E00D1F607 /* Resources */ = {
			isa = PBXResourcesBuildPhase;
			buildActionMask = 2147483647;
			files = (
				460FCEAD2B990A4F00D1F607 /* LaunchScreen.storyboard in Resources */,
				460FCEAA2B990A4F00D1F607 /* Assets.xcassets in Resources */,
				460FCEA82B990A4E00D1F607 /* Main.storyboard in Resources */,
			);
			runOnlyForDeploymentPostprocessing = 0;
		};
/* End PBXResourcesBuildPhase section */

/* Begin PBXSourcesBuildPhase section */
		460FCE992B990A4E00D1F607 /* Sources */ = {
			isa = PBXSourcesBuildPhase;
			buildActionMask = 2147483647;
			files = (
				460FCEBC2B99148500D1F607 /* PlaylistsViewController.swift in Sources */,
				460FCEC22B9932DC00D1F607 /* TracksTableViewController.swift in Sources */,
				460FCEA52B990A4E00D1F607 /* ViewController.swift in Sources */,
				460FCEC02B99150700D1F607 /* PlaylistTableViewCell.swift in Sources */,
				460FCEC42B9942F000D1F607 /* TrackTableViewCell.swift in Sources */,
				460FCEA12B990A4E00D1F607 /* AppDelegate.swift in Sources */,
				460FCEA32B990A4E00D1F607 /* SceneDelegate.swift in Sources */,
				460FCEBA2B9913CA00D1F607 /* Constants.swift in Sources */,
				460FCEBE2B9914CE00D1F607 /* SpotifyClient.swift in Sources */,
			);
			runOnlyForDeploymentPostprocessing = 0;
		};
/* End PBXSourcesBuildPhase section */

/* Begin PBXVariantGroup section */
		460FCEA62B990A4E00D1F607 /* Main.storyboard */ = {
			isa = PBXVariantGroup;
			children = (
				460FCEA72B990A4E00D1F607 /* Base */,
			);
			name = Main.storyboard;
			sourceTree = "<group>";
		};
		460FCEAB2B990A4F00D1F607 /* LaunchScreen.storyboard */ = {
			isa = PBXVariantGroup;
			children = (
				460FCEAC2B990A4F00D1F607 /* Base */,
			);
			name = LaunchScreen.storyboard;
			sourceTree = "<group>";
		};
/* End PBXVariantGroup section */

/* Begin XCBuildConfiguration section */
		460FCEAF2B990A4F00D1F607 /* Debug */ = {
			isa = XCBuildConfiguration;
			buildSettings = {
				ALWAYS_SEARCH_USER_PATHS = NO;
				ASSETCATALOG_COMPILER_GENERATE_SWIFT_ASSET_SYMBOL_EXTENSIONS = YES;
				CLANG_ANALYZER_NONNULL = YES;
				CLANG_ANALYZER_NUMBER_OBJECT_CONVERSION = YES_AGGRESSIVE;
				CLANG_CXX_LANGUAGE_STANDARD = "gnu++20";
				CLANG_ENABLE_MODULES = YES;
				CLANG_ENABLE_OBJC_ARC = YES;
				CLANG_ENABLE_OBJC_WEAK = YES;
				CLANG_WARN_BLOCK_CAPTURE_AUTORELEASING = YES;
				CLANG_WARN_BOOL_CONVERSION = YES;
				CLANG_WARN_COMMA = YES;
				CLANG_WARN_CONSTANT_CONVERSION = YES;
				CLANG_WARN_DEPRECATED_OBJC_IMPLEMENTATIONS = YES;
				CLANG_WARN_DIRECT_OBJC_ISA_USAGE = YES_ERROR;
				CLANG_WARN_DOCUMENTATION_COMMENTS = YES;
				CLANG_WARN_EMPTY_BODY = YES;
				CLANG_WARN_ENUM_CONVERSION = YES;
				CLANG_WARN_INFINITE_RECURSION = YES;
				CLANG_WARN_INT_CONVERSION = YES;
				CLANG_WARN_NON_LITERAL_NULL_CONVERSION = YES;
				CLANG_WARN_OBJC_IMPLICIT_RETAIN_SELF = YES;
				CLANG_WARN_OBJC_LITERAL_CONVERSION = YES;
				CLANG_WARN_OBJC_ROOT_CLASS = YES_ERROR;
				CLANG_WARN_QUOTED_INCLUDE_IN_FRAMEWORK_HEADER = YES;
				CLANG_WARN_RANGE_LOOP_ANALYSIS = YES;
				CLANG_WARN_STRICT_PROTOTYPES = YES;
				CLANG_WARN_SUSPICIOUS_MOVE = YES;
				CLANG_WARN_UNGUARDED_AVAILABILITY = YES_AGGRESSIVE;
				CLANG_WARN_UNREACHABLE_CODE = YES;
				CLANG_WARN__DUPLICATE_METHOD_MATCH = YES;
				COPY_PHASE_STRIP = NO;
				DEBUG_INFORMATION_FORMAT = dwarf;
				ENABLE_STRICT_OBJC_MSGSEND = YES;
				ENABLE_TESTABILITY = YES;
				ENABLE_USER_SCRIPT_SANDBOXING = YES;
				GCC_C_LANGUAGE_STANDARD = gnu17;
				GCC_DYNAMIC_NO_PIC = NO;
				GCC_NO_COMMON_BLOCKS = YES;
				GCC_OPTIMIZATION_LEVEL = 0;
				GCC_PREPROCESSOR_DEFINITIONS = (
					"DEBUG=1",
					"$(inherited)",
				);
				GCC_WARN_64_TO_32_BIT_CONVERSION = YES;
				GCC_WARN_ABOUT_RETURN_TYPE = YES_ERROR;
				GCC_WARN_UNDECLARED_SELECTOR = YES;
				GCC_WARN_UNINITIALIZED_AUTOS = YES_AGGRESSIVE;
				GCC_WARN_UNUSED_FUNCTION = YES;
				GCC_WARN_UNUSED_VARIABLE = YES;
				IPHONEOS_DEPLOYMENT_TARGET = 17.2;
				LOCALIZATION_PREFERS_STRING_CATALOGS = YES;
				MTL_ENABLE_DEBUG_INFO = INCLUDE_SOURCE;
				MTL_FAST_MATH = YES;
				ONLY_ACTIVE_ARCH = YES;
				SDKROOT = iphoneos;
				SWIFT_ACTIVE_COMPILATION_CONDITIONS = "DEBUG $(inherited)";
				SWIFT_OPTIMIZATION_LEVEL = "-Onone";
			};
			name = Debug;
		};
		460FCEB02B990A4F00D1F607 /* Release */ = {
			isa = XCBuildConfiguration;
			buildSettings = {
				ALWAYS_SEARCH_USER_PATHS = NO;
				ASSETCATALOG_COMPILER_GENERATE_SWIFT_ASSET_SYMBOL_EXTENSIONS = YES;
				CLANG_ANALYZER_NONNULL = YES;
				CLANG_ANALYZER_NUMBER_OBJECT_CONVERSION = YES_AGGRESSIVE;
				CLANG_CXX_LANGUAGE_STANDARD = "gnu++20";
				CLANG_ENABLE_MODULES = YES;
				CLANG_ENABLE_OBJC_ARC = YES;
				CLANG_ENABLE_OBJC_WEAK = YES;
				CLANG_WARN_BLOCK_CAPTURE_AUTORELEASING = YES;
				CLANG_WARN_BOOL_CONVERSION = YES;
				CLANG_WARN_COMMA = YES;
				CLANG_WARN_CONSTANT_CONVERSION = YES;
				CLANG_WARN_DEPRECATED_OBJC_IMPLEMENTATIONS = YES;
				CLANG_WARN_DIRECT_OBJC_ISA_USAGE = YES_ERROR;
				CLANG_WARN_DOCUMENTATION_COMMENTS = YES;
				CLANG_WARN_EMPTY_BODY = YES;
				CLANG_WARN_ENUM_CONVERSION = YES;
				CLANG_WARN_INFINITE_RECURSION = YES;
				CLANG_WARN_INT_CONVERSION = YES;
				CLANG_WARN_NON_LITERAL_NULL_CONVERSION = YES;
				CLANG_WARN_OBJC_IMPLICIT_RETAIN_SELF = YES;
				CLANG_WARN_OBJC_LITERAL_CONVERSION = YES;
				CLANG_WARN_OBJC_ROOT_CLASS = YES_ERROR;
				CLANG_WARN_QUOTED_INCLUDE_IN_FRAMEWORK_HEADER = YES;
				CLANG_WARN_RANGE_LOOP_ANALYSIS = YES;
				CLANG_WARN_STRICT_PROTOTYPES = YES;
				CLANG_WARN_SUSPICIOUS_MOVE = YES;
				CLANG_WARN_UNGUARDED_AVAILABILITY = YES_AGGRESSIVE;
				CLANG_WARN_UNREACHABLE_CODE = YES;
				CLANG_WARN__DUPLICATE_METHOD_MATCH = YES;
				COPY_PHASE_STRIP = NO;
				DEBUG_INFORMATION_FORMAT = "dwarf-with-dsym";
				ENABLE_NS_ASSERTIONS = NO;
				ENABLE_STRICT_OBJC_MSGSEND = YES;
				ENABLE_USER_SCRIPT_SANDBOXING = YES;
				GCC_C_LANGUAGE_STANDARD = gnu17;
				GCC_NO_COMMON_BLOCKS = YES;
				GCC_WARN_64_TO_32_BIT_CONVERSION = YES;
				GCC_WARN_ABOUT_RETURN_TYPE = YES_ERROR;
				GCC_WARN_UNDECLARED_SELECTOR = YES;
				GCC_WARN_UNINITIALIZED_AUTOS = YES_AGGRESSIVE;
				GCC_WARN_UNUSED_FUNCTION = YES;
				GCC_WARN_UNUSED_VARIABLE = YES;
				IPHONEOS_DEPLOYMENT_TARGET = 17.2;
				LOCALIZATION_PREFERS_STRING_CATALOGS = YES;
				MTL_ENABLE_DEBUG_INFO = NO;
				MTL_FAST_MATH = YES;
				SDKROOT = iphoneos;
				SWIFT_COMPILATION_MODE = wholemodule;
				VALIDATE_PRODUCT = YES;
			};
			name = Release;
		};
		460FCEB22B990A4F00D1F607 /* Debug */ = {
			isa = XCBuildConfiguration;
			buildSettings = {
				ASSETCATALOG_COMPILER_APPICON_NAME = AppIcon;
				ASSETCATALOG_COMPILER_GLOBAL_ACCENT_COLOR_NAME = AccentColor;
				CLANG_ENABLE_MODULES = YES;
				CODE_SIGN_STYLE = Automatic;
				CURRENT_PROJECT_VERSION = 1;
				DEVELOPMENT_TEAM = 723KYE3F9E;
				FRAMEWORK_SEARCH_PATHS = (
					"$(inherited)",
					"$(PROJECT_DIR)/MusicGenie2",
				);
				GENERATE_INFOPLIST_FILE = YES;
				INFOPLIST_FILE = MusicGenie2/Info.plist;
				INFOPLIST_KEY_UIApplicationSupportsIndirectInputEvents = YES;
				INFOPLIST_KEY_UILaunchStoryboardName = LaunchScreen;
				INFOPLIST_KEY_UIMainStoryboardFile = Main;
				INFOPLIST_KEY_UISupportedInterfaceOrientations = UIInterfaceOrientationPortrait;
				INFOPLIST_KEY_UISupportedInterfaceOrientations_iPad = "UIInterfaceOrientationLandscapeLeft UIInterfaceOrientationLandscapeRight UIInterfaceOrientationPortrait UIInterfaceOrientationPortraitUpsideDown";
				IPHONEOS_DEPLOYMENT_TARGET = 15.0;
				LD_RUNPATH_SEARCH_PATHS = (
					"$(inherited)",
					"@executable_path/Frameworks",
				);
				MARKETING_VERSION = 1.0;
				OTHER_LDFLAGS = "-ObjC";
				PRODUCT_BUNDLE_IDENTIFIER = com.josemaria.MusicGenie2;
				PRODUCT_NAME = "$(TARGET_NAME)";
				SUPPORTED_PLATFORMS = "iphoneos iphonesimulator";
				SUPPORTS_MACCATALYST = NO;
				SUPPORTS_MAC_DESIGNED_FOR_IPHONE_IPAD = NO;
				SUPPORTS_XR_DESIGNED_FOR_IPHONE_IPAD = NO;
				SWIFT_EMIT_LOC_STRINGS = YES;
				SWIFT_OBJC_BRIDGING_HEADER = "MusicGenie2/MusicGenie2-Bridging-Header.h";
				SWIFT_OPTIMIZATION_LEVEL = "-Onone";
				SWIFT_VERSION = 5.0;
				TARGETED_DEVICE_FAMILY = 1;
			};
			name = Debug;
		};
		460FCEB32B990A4F00D1F607 /* Release */ = {
			isa = XCBuildConfiguration;
			buildSettings = {
				ASSETCATALOG_COMPILER_APPICON_NAME = AppIcon;
				ASSETCATALOG_COMPILER_GLOBAL_ACCENT_COLOR_NAME = AccentColor;
				CLANG_ENABLE_MODULES = YES;
				CODE_SIGN_STYLE = Automatic;
				CURRENT_PROJECT_VERSION = 1;
				DEVELOPMENT_TEAM = 723KYE3F9E;
				FRAMEWORK_SEARCH_PATHS = (
					"$(inherited)",
					"$(PROJECT_DIR)/MusicGenie2",
				);
				GENERATE_INFOPLIST_FILE = YES;
				INFOPLIST_FILE = MusicGenie2/Info.plist;
				INFOPLIST_KEY_UIApplicationSupportsIndirectInputEvents = YES;
				INFOPLIST_KEY_UILaunchStoryboardName = LaunchScreen;
				INFOPLIST_KEY_UIMainStoryboardFile = Main;
				INFOPLIST_KEY_UISupportedInterfaceOrientations = UIInterfaceOrientationPortrait;
				INFOPLIST_KEY_UISupportedInterfaceOrientations_iPad = "UIInterfaceOrientationLandscapeLeft UIInterfaceOrientationLandscapeRight UIInterfaceOrientationPortrait UIInterfaceOrientationPortraitUpsideDown";
				IPHONEOS_DEPLOYMENT_TARGET = 15.0;
				LD_RUNPATH_SEARCH_PATHS = (
					"$(inherited)",
					"@executable_path/Frameworks",
				);
				MARKETING_VERSION = 1.0;
				OTHER_LDFLAGS = "-ObjC";
				PRODUCT_BUNDLE_IDENTIFIER = com.josemaria.MusicGenie2;
				PRODUCT_NAME = "$(TARGET_NAME)";
				SUPPORTED_PLATFORMS = "iphoneos iphonesimulator";
				SUPPORTS_MACCATALYST = NO;
				SUPPORTS_MAC_DESIGNED_FOR_IPHONE_IPAD = NO;
				SUPPORTS_XR_DESIGNED_FOR_IPHONE_IPAD = NO;
				SWIFT_EMIT_LOC_STRINGS = YES;
				SWIFT_OBJC_BRIDGING_HEADER = "MusicGenie2/MusicGenie2-Bridging-Header.h";
				SWIFT_VERSION = 5.0;
				TARGETED_DEVICE_FAMILY = 1;
			};
			name = Release;
		};
/* End XCBuildConfiguration section */

/* Begin XCConfigurationList section */
		460FCE982B990A4E00D1F607 /* Build configuration list for PBXProject "MusicGenie2" */ = {
			isa = XCConfigurationList;
			buildConfigurations = (
				460FCEAF2B990A4F00D1F607 /* Debug */,
				460FCEB02B990A4F00D1F607 /* Release */,
			);
			defaultConfigurationIsVisible = 0;
			defaultConfigurationName = Release;
		};
		460FCEB12B990A4F00D1F607 /* Build configuration list for PBXNativeTarget "MusicGenie2" */ = {
			isa = XCConfigurationList;
			buildConfigurations = (
				460FCEB22B990A4F00D1F607 /* Debug */,
				460FCEB32B990A4F00D1F607 /* Release */,
			);
			defaultConfigurationIsVisible = 0;
			defaultConfigurationName = Release;
		};
/* End XCConfigurationList section */
	};
	rootObject = 460FCE952B990A4E00D1F607 /* Project object */;
}
